// !$*UTF8*$!
{
	archiveVersion = 1;
	classes = {
	};
	objectVersion = 46;
	objects = {

/* Begin PBXBuildFile section */
		OBJ_41 /* Case.swift in Sources */ = {isa = PBXBuildFile; fileRef = OBJ_9 /* Case.swift */; };
		OBJ_42 /* Context.swift in Sources */ = {isa = PBXBuildFile; fileRef = OBJ_10 /* Context.swift */; };
		OBJ_43 /* Expectation.swift in Sources */ = {isa = PBXBuildFile; fileRef = OBJ_11 /* Expectation.swift */; };
		OBJ_44 /* Failure.swift in Sources */ = {isa = PBXBuildFile; fileRef = OBJ_12 /* Failure.swift */; };
		OBJ_45 /* Global.swift in Sources */ = {isa = PBXBuildFile; fileRef = OBJ_13 /* Global.swift */; };
		OBJ_46 /* GlobalContext.swift in Sources */ = {isa = PBXBuildFile; fileRef = OBJ_14 /* GlobalContext.swift */; };
		OBJ_47 /* Reporter.swift in Sources */ = {isa = PBXBuildFile; fileRef = OBJ_15 /* Reporter.swift */; };
		OBJ_48 /* Reporters.swift in Sources */ = {isa = PBXBuildFile; fileRef = OBJ_16 /* Reporters.swift */; };
		OBJ_55 /* PathKit.swift in Sources */ = {isa = PBXBuildFile; fileRef = OBJ_18 /* PathKit.swift */; };
		OBJ_57 /* Spectre.framework in Frameworks */ = {isa = PBXBuildFile; fileRef = OBJ_31 /* Spectre.framework */; };
		OBJ_64 /* Result.swift in Sources */ = {isa = PBXBuildFile; fileRef = OBJ_20 /* Result.swift */; };
		OBJ_65 /* ResultProtocol.swift in Sources */ = {isa = PBXBuildFile; fileRef = OBJ_21 /* ResultProtocol.swift */; };
		OBJ_72 /* Lens.swift in Sources */ = {isa = PBXBuildFile; fileRef = OBJ_23 /* Lens.swift */; };
		OBJ_79 /* Convenience.swift in Sources */ = {isa = PBXBuildFile; fileRef = OBJ_25 /* Convenience.swift */; };
		OBJ_80 /* Operators.swift in Sources */ = {isa = PBXBuildFile; fileRef = OBJ_26 /* Operators.swift */; };
		OBJ_81 /* Prompt.swift in Sources */ = {isa = PBXBuildFile; fileRef = OBJ_27 /* Prompt.swift */; };
		OBJ_82 /* Reporter.swift in Sources */ = {isa = PBXBuildFile; fileRef = OBJ_28 /* Reporter.swift */; };
		OBJ_84 /* Spectre.framework in Frameworks */ = {isa = PBXBuildFile; fileRef = OBJ_31 /* Spectre.framework */; };
		OBJ_85 /* PathKit.framework in Frameworks */ = {isa = PBXBuildFile; fileRef = OBJ_32 /* PathKit.framework */; };
		OBJ_86 /* Result.framework in Frameworks */ = {isa = PBXBuildFile; fileRef = OBJ_33 /* Result.framework */; };
		OBJ_87 /* Lens.framework in Frameworks */ = {isa = PBXBuildFile; fileRef = OBJ_34 /* Lens.framework */; };
/* End PBXBuildFile section */

/* Begin PBXContainerItemProxy section */
		BA2E66BA1E12CBAC00F9C7CB /* PBXContainerItemProxy */ = {
			isa = PBXContainerItemProxy;
			containerPortal = OBJ_1 /* Project object */;
			proxyType = 1;
			remoteGlobalIDString = OBJ_36;
			remoteInfo = Spectre;
		};
		BA2E66BB1E12CBAC00F9C7CB /* PBXContainerItemProxy */ = {
			isa = PBXContainerItemProxy;
			containerPortal = OBJ_1 /* Project object */;
			proxyType = 1;
			remoteGlobalIDString = OBJ_36;
			remoteInfo = Spectre;
		};
		BA2E66BC1E12CBAC00F9C7CB /* PBXContainerItemProxy */ = {
			isa = PBXContainerItemProxy;
			containerPortal = OBJ_1 /* Project object */;
			proxyType = 1;
			remoteGlobalIDString = OBJ_50;
			remoteInfo = PathKit;
		};
		BA2E66BD1E12CBAC00F9C7CB /* PBXContainerItemProxy */ = {
			isa = PBXContainerItemProxy;
			containerPortal = OBJ_1 /* Project object */;
			proxyType = 1;
			remoteGlobalIDString = OBJ_59;
			remoteInfo = Result;
		};
		BA2E66BE1E12CBAC00F9C7CB /* PBXContainerItemProxy */ = {
			isa = PBXContainerItemProxy;
			containerPortal = OBJ_1 /* Project object */;
			proxyType = 1;
			remoteGlobalIDString = OBJ_67;
			remoteInfo = Lens;
		};
/* End PBXContainerItemProxy section */

/* Begin PBXFileReference section */
		OBJ_10 /* Context.swift */ = {isa = PBXFileReference; lastKnownFileType = sourcecode.swift; path = Context.swift; sourceTree = "<group>"; };
		OBJ_11 /* Expectation.swift */ = {isa = PBXFileReference; lastKnownFileType = sourcecode.swift; path = Expectation.swift; sourceTree = "<group>"; };
		OBJ_12 /* Failure.swift */ = {isa = PBXFileReference; lastKnownFileType = sourcecode.swift; path = Failure.swift; sourceTree = "<group>"; };
		OBJ_13 /* Global.swift */ = {isa = PBXFileReference; lastKnownFileType = sourcecode.swift; path = Global.swift; sourceTree = "<group>"; };
		OBJ_14 /* GlobalContext.swift */ = {isa = PBXFileReference; lastKnownFileType = sourcecode.swift; path = GlobalContext.swift; sourceTree = "<group>"; };
		OBJ_15 /* Reporter.swift */ = {isa = PBXFileReference; lastKnownFileType = sourcecode.swift; path = Reporter.swift; sourceTree = "<group>"; };
		OBJ_16 /* Reporters.swift */ = {isa = PBXFileReference; lastKnownFileType = sourcecode.swift; path = Reporters.swift; sourceTree = "<group>"; };
		OBJ_18 /* PathKit.swift */ = {isa = PBXFileReference; lastKnownFileType = sourcecode.swift; path = PathKit.swift; sourceTree = "<group>"; };
		OBJ_20 /* Result.swift */ = {isa = PBXFileReference; lastKnownFileType = sourcecode.swift; path = Result.swift; sourceTree = "<group>"; };
		OBJ_21 /* ResultProtocol.swift */ = {isa = PBXFileReference; lastKnownFileType = sourcecode.swift; path = ResultProtocol.swift; sourceTree = "<group>"; };
		OBJ_23 /* Lens.swift */ = {isa = PBXFileReference; lastKnownFileType = sourcecode.swift; path = Lens.swift; sourceTree = "<group>"; };
		OBJ_25 /* Convenience.swift */ = {isa = PBXFileReference; lastKnownFileType = sourcecode.swift; path = Convenience.swift; sourceTree = "<group>"; };
		OBJ_26 /* Operators.swift */ = {isa = PBXFileReference; lastKnownFileType = sourcecode.swift; path = Operators.swift; sourceTree = "<group>"; };
		OBJ_27 /* Prompt.swift */ = {isa = PBXFileReference; lastKnownFileType = sourcecode.swift; path = Prompt.swift; sourceTree = "<group>"; };
		OBJ_28 /* Reporter.swift */ = {isa = PBXFileReference; lastKnownFileType = sourcecode.swift; path = Reporter.swift; sourceTree = "<group>"; };
		OBJ_31 /* Spectre.framework */ = {isa = PBXFileReference; explicitFileType = wrapper.framework; path = Spectre.framework; sourceTree = BUILT_PRODUCTS_DIR; };
		OBJ_32 /* PathKit.framework */ = {isa = PBXFileReference; explicitFileType = wrapper.framework; path = PathKit.framework; sourceTree = BUILT_PRODUCTS_DIR; };
		OBJ_33 /* Result.framework */ = {isa = PBXFileReference; explicitFileType = wrapper.framework; path = Result.framework; sourceTree = BUILT_PRODUCTS_DIR; };
		OBJ_34 /* Lens.framework */ = {isa = PBXFileReference; explicitFileType = wrapper.framework; path = Lens.framework; sourceTree = BUILT_PRODUCTS_DIR; };
		OBJ_35 /* PromptLine.framework */ = {isa = PBXFileReference; lastKnownFileType = wrapper.framework; path = PromptLine.framework; sourceTree = BUILT_PRODUCTS_DIR; };
		OBJ_6 /* Package.swift */ = {isa = PBXFileReference; explicitFileType = sourcecode.swift; path = Package.swift; sourceTree = "<group>"; };
		OBJ_9 /* Case.swift */ = {isa = PBXFileReference; lastKnownFileType = sourcecode.swift; path = Case.swift; sourceTree = "<group>"; };
/* End PBXFileReference section */

/* Begin PBXFrameworksBuildPhase section */
		OBJ_49 /* Frameworks */ = {
			isa = PBXFrameworksBuildPhase;
			buildActionMask = 0;
			files = (
			);
			runOnlyForDeploymentPostprocessing = 0;
		};
		OBJ_56 /* Frameworks */ = {
			isa = PBXFrameworksBuildPhase;
			buildActionMask = 0;
			files = (
				OBJ_57 /* Spectre.framework in Frameworks */,
			);
			runOnlyForDeploymentPostprocessing = 0;
		};
		OBJ_66 /* Frameworks */ = {
			isa = PBXFrameworksBuildPhase;
			buildActionMask = 0;
			files = (
			);
			runOnlyForDeploymentPostprocessing = 0;
		};
		OBJ_73 /* Frameworks */ = {
			isa = PBXFrameworksBuildPhase;
			buildActionMask = 0;
			files = (
			);
			runOnlyForDeploymentPostprocessing = 0;
		};
		OBJ_83 /* Frameworks */ = {
			isa = PBXFrameworksBuildPhase;
			buildActionMask = 0;
			files = (
				OBJ_84 /* Spectre.framework in Frameworks */,
				OBJ_85 /* PathKit.framework in Frameworks */,
				OBJ_86 /* Result.framework in Frameworks */,
				OBJ_87 /* Lens.framework in Frameworks */,
			);
			runOnlyForDeploymentPostprocessing = 0;
		};
/* End PBXFrameworksBuildPhase section */

/* Begin PBXGroup section */
		OBJ_17 /* PathKit */ = {
			isa = PBXGroup;
			children = (
				OBJ_18 /* PathKit.swift */,
			);
			name = PathKit;
			path = "Packages/PathKit-0.7.1/Sources";
			sourceTree = SOURCE_ROOT;
		};
		OBJ_19 /* Result */ = {
			isa = PBXGroup;
			children = (
				OBJ_20 /* Result.swift */,
				OBJ_21 /* ResultProtocol.swift */,
			);
			name = Result;
			path = "Packages/Result-3.1.0/Result";
			sourceTree = SOURCE_ROOT;
		};
		OBJ_22 /* Lens */ = {
			isa = PBXGroup;
			children = (
				OBJ_23 /* Lens.swift */,
			);
			name = Lens;
			path = "Packages/Lens-0.1.0/Sources";
			sourceTree = SOURCE_ROOT;
		};
		OBJ_24 /* PromptLine */ = {
			isa = PBXGroup;
			children = (
				OBJ_25 /* Convenience.swift */,
				OBJ_26 /* Operators.swift */,
				OBJ_27 /* Prompt.swift */,
				OBJ_28 /* Reporter.swift */,
			);
			name = PromptLine;
			path = Sources;
			sourceTree = SOURCE_ROOT;
		};
		OBJ_29 /* Tests */ = {
			isa = PBXGroup;
			children = (
			);
			path = Tests;
			sourceTree = "<group>";
		};
		OBJ_30 /* Products */ = {
			isa = PBXGroup;
			children = (
				OBJ_31 /* Spectre.framework */,
				OBJ_32 /* PathKit.framework */,
				OBJ_33 /* Result.framework */,
				OBJ_34 /* Lens.framework */,
				OBJ_35 /* PromptLine.framework */,
			);
			name = Products;
			sourceTree = BUILT_PRODUCTS_DIR;
		};
		OBJ_5 /*  */ = {
			isa = PBXGroup;
			children = (
				OBJ_6 /* Package.swift */,
				OBJ_7 /* Sources */,
				OBJ_29 /* Tests */,
				OBJ_30 /* Products */,
			);
			name = "";
			sourceTree = "<group>";
		};
		OBJ_7 /* Sources */ = {
			isa = PBXGroup;
			children = (
				OBJ_8 /* Spectre */,
				OBJ_17 /* PathKit */,
				OBJ_19 /* Result */,
				OBJ_22 /* Lens */,
				OBJ_24 /* PromptLine */,
			);
			path = Sources;
			sourceTree = "<group>";
		};
		OBJ_8 /* Spectre */ = {
			isa = PBXGroup;
			children = (
				OBJ_9 /* Case.swift */,
				OBJ_10 /* Context.swift */,
				OBJ_11 /* Expectation.swift */,
				OBJ_12 /* Failure.swift */,
				OBJ_13 /* Global.swift */,
				OBJ_14 /* GlobalContext.swift */,
				OBJ_15 /* Reporter.swift */,
				OBJ_16 /* Reporters.swift */,
			);
			name = Spectre;
			path = "Packages/Spectre-0.7.2/Sources";
			sourceTree = SOURCE_ROOT;
		};
/* End PBXGroup section */

/* Begin PBXNativeTarget section */
		OBJ_36 /* Spectre */ = {
			isa = PBXNativeTarget;
			buildConfigurationList = OBJ_37 /* Build configuration list for PBXNativeTarget "Spectre" */;
			buildPhases = (
				OBJ_40 /* Sources */,
				OBJ_49 /* Frameworks */,
			);
			buildRules = (
			);
			dependencies = (
			);
			name = Spectre;
			productName = Spectre;
			productReference = OBJ_31 /* Spectre.framework */;
			productType = "com.apple.product-type.framework";
		};
		OBJ_50 /* PathKit */ = {
			isa = PBXNativeTarget;
			buildConfigurationList = OBJ_51 /* Build configuration list for PBXNativeTarget "PathKit" */;
			buildPhases = (
				OBJ_54 /* Sources */,
				OBJ_56 /* Frameworks */,
			);
			buildRules = (
			);
			dependencies = (
				OBJ_58 /* PBXTargetDependency */,
			);
			name = PathKit;
			productName = PathKit;
			productReference = OBJ_32 /* PathKit.framework */;
			productType = "com.apple.product-type.framework";
		};
		OBJ_59 /* Result */ = {
			isa = PBXNativeTarget;
			buildConfigurationList = OBJ_60 /* Build configuration list for PBXNativeTarget "Result" */;
			buildPhases = (
				OBJ_63 /* Sources */,
				OBJ_66 /* Frameworks */,
			);
			buildRules = (
			);
			dependencies = (
			);
			name = Result;
			productName = Result;
			productReference = OBJ_33 /* Result.framework */;
			productType = "com.apple.product-type.framework";
		};
		OBJ_67 /* Lens */ = {
			isa = PBXNativeTarget;
			buildConfigurationList = OBJ_68 /* Build configuration list for PBXNativeTarget "Lens" */;
			buildPhases = (
				OBJ_71 /* Sources */,
				OBJ_73 /* Frameworks */,
			);
			buildRules = (
			);
			dependencies = (
			);
			name = Lens;
			productName = Lens;
			productReference = OBJ_34 /* Lens.framework */;
			productType = "com.apple.product-type.framework";
		};
		OBJ_74 /* PromptLine */ = {
			isa = PBXNativeTarget;
			buildConfigurationList = OBJ_75 /* Build configuration list for PBXNativeTarget "PromptLine" */;
			buildPhases = (
				OBJ_78 /* Sources */,
				OBJ_83 /* Frameworks */,
			);
			buildRules = (
			);
			dependencies = (
				OBJ_88 /* PBXTargetDependency */,
				OBJ_89 /* PBXTargetDependency */,
				OBJ_90 /* PBXTargetDependency */,
				OBJ_91 /* PBXTargetDependency */,
			);
			name = PromptLine;
			productName = PromptLine;
			productReference = OBJ_35 /* PromptLine.framework */;
			productType = "com.apple.product-type.framework";
		};
/* End PBXNativeTarget section */

/* Begin PBXProject section */
		OBJ_1 /* Project object */ = {
			isa = PBXProject;
			attributes = {
				LastUpgradeCheck = 9999;
			};
			buildConfigurationList = OBJ_2 /* Build configuration list for PBXProject "PromptLine" */;
			compatibilityVersion = "Xcode 3.2";
			developmentRegion = English;
			hasScannedForEncodings = 0;
			knownRegions = (
				en,
			);
			mainGroup = OBJ_5 /*  */;
			productRefGroup = OBJ_30 /* Products */;
			projectDirPath = "";
			projectRoot = "";
			targets = (
				OBJ_36 /* Spectre */,
				OBJ_50 /* PathKit */,
				OBJ_59 /* Result */,
				OBJ_67 /* Lens */,
				OBJ_74 /* PromptLine */,
			);
		};
/* End PBXProject section */

/* Begin PBXSourcesBuildPhase section */
		OBJ_40 /* Sources */ = {
			isa = PBXSourcesBuildPhase;
			buildActionMask = 0;
			files = (
				OBJ_41 /* Case.swift in Sources */,
				OBJ_42 /* Context.swift in Sources */,
				OBJ_43 /* Expectation.swift in Sources */,
				OBJ_44 /* Failure.swift in Sources */,
				OBJ_45 /* Global.swift in Sources */,
				OBJ_46 /* GlobalContext.swift in Sources */,
				OBJ_47 /* Reporter.swift in Sources */,
				OBJ_48 /* Reporters.swift in Sources */,
			);
			runOnlyForDeploymentPostprocessing = 0;
		};
		OBJ_54 /* Sources */ = {
			isa = PBXSourcesBuildPhase;
			buildActionMask = 0;
			files = (
				OBJ_55 /* PathKit.swift in Sources */,
			);
			runOnlyForDeploymentPostprocessing = 0;
		};
		OBJ_63 /* Sources */ = {
			isa = PBXSourcesBuildPhase;
			buildActionMask = 0;
			files = (
				OBJ_64 /* Result.swift in Sources */,
				OBJ_65 /* ResultProtocol.swift in Sources */,
			);
			runOnlyForDeploymentPostprocessing = 0;
		};
		OBJ_71 /* Sources */ = {
			isa = PBXSourcesBuildPhase;
			buildActionMask = 0;
			files = (
				OBJ_72 /* Lens.swift in Sources */,
			);
			runOnlyForDeploymentPostprocessing = 0;
		};
		OBJ_78 /* Sources */ = {
			isa = PBXSourcesBuildPhase;
			buildActionMask = 0;
			files = (
				OBJ_79 /* Convenience.swift in Sources */,
				OBJ_80 /* Operators.swift in Sources */,
				OBJ_81 /* Prompt.swift in Sources */,
				OBJ_82 /* Reporter.swift in Sources */,
			);
			runOnlyForDeploymentPostprocessing = 0;
		};
/* End PBXSourcesBuildPhase section */

/* Begin PBXTargetDependency section */
		OBJ_58 /* PBXTargetDependency */ = {
			isa = PBXTargetDependency;
			target = OBJ_36 /* Spectre */;
			targetProxy = BA2E66BA1E12CBAC00F9C7CB /* PBXContainerItemProxy */;
		};
		OBJ_88 /* PBXTargetDependency */ = {
			isa = PBXTargetDependency;
			target = OBJ_36 /* Spectre */;
			targetProxy = BA2E66BB1E12CBAC00F9C7CB /* PBXContainerItemProxy */;
		};
		OBJ_89 /* PBXTargetDependency */ = {
			isa = PBXTargetDependency;
			target = OBJ_50 /* PathKit */;
			targetProxy = BA2E66BC1E12CBAC00F9C7CB /* PBXContainerItemProxy */;
		};
		OBJ_90 /* PBXTargetDependency */ = {
			isa = PBXTargetDependency;
			target = OBJ_59 /* Result */;
			targetProxy = BA2E66BD1E12CBAC00F9C7CB /* PBXContainerItemProxy */;
		};
		OBJ_91 /* PBXTargetDependency */ = {
			isa = PBXTargetDependency;
			target = OBJ_67 /* Lens */;
			targetProxy = BA2E66BE1E12CBAC00F9C7CB /* PBXContainerItemProxy */;
		};
/* End PBXTargetDependency section */

/* Begin XCBuildConfiguration section */
		OBJ_3 /* Debug */ = {
			isa = XCBuildConfiguration;
			buildSettings = {
				COMBINE_HIDPI_IMAGES = YES;
				COPY_PHASE_STRIP = NO;
				DEBUG_INFORMATION_FORMAT = dwarf;
				DYLIB_INSTALL_NAME_BASE = "@rpath";
				ENABLE_NS_ASSERTIONS = YES;
				GCC_OPTIMIZATION_LEVEL = 0;
				MACOSX_DEPLOYMENT_TARGET = 10.10;
				ONLY_ACTIVE_ARCH = YES;
				OTHER_SWIFT_FLAGS = "-DXcode";
				PRODUCT_NAME = "$(TARGET_NAME)";
				SUPPORTED_PLATFORMS = "macosx iphoneos iphonesimulator appletvos appletvsimulator watchos watchsimulator";
				SWIFT_OPTIMIZATION_LEVEL = "-Onone";
				USE_HEADERMAP = NO;
			};
			name = Debug;
		};
		OBJ_38 /* Debug */ = {
			isa = XCBuildConfiguration;
			buildSettings = {
				ENABLE_TESTABILITY = YES;
				FRAMEWORK_SEARCH_PATHS = "$(PLATFORM_DIR)/Developer/Library/Frameworks";
				HEADER_SEARCH_PATHS = "";
				INFOPLIST_FILE = PromptLine.xcodeproj/Spectre_Info.plist;
				LD_RUNPATH_SEARCH_PATHS = "$(TOOLCHAIN_DIR)/usr/lib/swift/macosx";
				OTHER_LDFLAGS = "$(inherited)";
				OTHER_SWIFT_FLAGS = "$(inherited)";
				PRODUCT_BUNDLE_IDENTIFIER = Spectre;
				PRODUCT_MODULE_NAME = "$(TARGET_NAME:c99extidentifier)";
				PRODUCT_NAME = "$(TARGET_NAME:c99extidentifier)";
				SUPPORTED_PLATFORMS = macosx;
				SWIFT_ACTIVE_COMPILATION_CONDITIONS = SWIFT_PACKAGE;
				SWIFT_VERSION = 3.0;
				TARGET_NAME = Spectre;
			};
			name = Debug;
		};
		OBJ_39 /* Release */ = {
			isa = XCBuildConfiguration;
			buildSettings = {
				ENABLE_TESTABILITY = YES;
				FRAMEWORK_SEARCH_PATHS = "$(PLATFORM_DIR)/Developer/Library/Frameworks";
				HEADER_SEARCH_PATHS = "";
				INFOPLIST_FILE = PromptLine.xcodeproj/Spectre_Info.plist;
				LD_RUNPATH_SEARCH_PATHS = "$(TOOLCHAIN_DIR)/usr/lib/swift/macosx";
				OTHER_LDFLAGS = "$(inherited)";
				OTHER_SWIFT_FLAGS = "$(inherited)";
				PRODUCT_BUNDLE_IDENTIFIER = Spectre;
				PRODUCT_MODULE_NAME = "$(TARGET_NAME:c99extidentifier)";
				PRODUCT_NAME = "$(TARGET_NAME:c99extidentifier)";
				SUPPORTED_PLATFORMS = macosx;
				SWIFT_ACTIVE_COMPILATION_CONDITIONS = SWIFT_PACKAGE;
				SWIFT_VERSION = 3.0;
				TARGET_NAME = Spectre;
			};
			name = Release;
		};
		OBJ_4 /* Release */ = {
			isa = XCBuildConfiguration;
			buildSettings = {
				COMBINE_HIDPI_IMAGES = YES;
				COPY_PHASE_STRIP = YES;
				DEBUG_INFORMATION_FORMAT = "dwarf-with-dsym";
				DYLIB_INSTALL_NAME_BASE = "@rpath";
				GCC_OPTIMIZATION_LEVEL = s;
				MACOSX_DEPLOYMENT_TARGET = 10.10;
				OTHER_SWIFT_FLAGS = "-DXcode";
				PRODUCT_NAME = "$(TARGET_NAME)";
				SUPPORTED_PLATFORMS = "macosx iphoneos iphonesimulator appletvos appletvsimulator watchos watchsimulator";
				SWIFT_OPTIMIZATION_LEVEL = "-O";
				USE_HEADERMAP = NO;
			};
			name = Release;
		};
		OBJ_52 /* Debug */ = {
			isa = XCBuildConfiguration;
			buildSettings = {
				ENABLE_TESTABILITY = YES;
				FRAMEWORK_SEARCH_PATHS = "$(PLATFORM_DIR)/Developer/Library/Frameworks";
				HEADER_SEARCH_PATHS = "";
				INFOPLIST_FILE = PromptLine.xcodeproj/PathKit_Info.plist;
				LD_RUNPATH_SEARCH_PATHS = "$(TOOLCHAIN_DIR)/usr/lib/swift/macosx";
				OTHER_LDFLAGS = "$(inherited)";
				OTHER_SWIFT_FLAGS = "$(inherited)";
				PRODUCT_BUNDLE_IDENTIFIER = PathKit;
				PRODUCT_MODULE_NAME = "$(TARGET_NAME:c99extidentifier)";
				PRODUCT_NAME = "$(TARGET_NAME:c99extidentifier)";
				SUPPORTED_PLATFORMS = macosx;
				SWIFT_ACTIVE_COMPILATION_CONDITIONS = SWIFT_PACKAGE;
				SWIFT_VERSION = 3.0;
				TARGET_NAME = PathKit;
			};
			name = Debug;
		};
		OBJ_53 /* Release */ = {
			isa = XCBuildConfiguration;
			buildSettings = {
				ENABLE_TESTABILITY = YES;
				FRAMEWORK_SEARCH_PATHS = "$(PLATFORM_DIR)/Developer/Library/Frameworks";
				HEADER_SEARCH_PATHS = "";
				INFOPLIST_FILE = PromptLine.xcodeproj/PathKit_Info.plist;
				LD_RUNPATH_SEARCH_PATHS = "$(TOOLCHAIN_DIR)/usr/lib/swift/macosx";
				OTHER_LDFLAGS = "$(inherited)";
				OTHER_SWIFT_FLAGS = "$(inherited)";
				PRODUCT_BUNDLE_IDENTIFIER = PathKit;
				PRODUCT_MODULE_NAME = "$(TARGET_NAME:c99extidentifier)";
				PRODUCT_NAME = "$(TARGET_NAME:c99extidentifier)";
				SUPPORTED_PLATFORMS = macosx;
				SWIFT_ACTIVE_COMPILATION_CONDITIONS = SWIFT_PACKAGE;
				SWIFT_VERSION = 3.0;
				TARGET_NAME = PathKit;
			};
			name = Release;
		};
		OBJ_61 /* Debug */ = {
			isa = XCBuildConfiguration;
			buildSettings = {
				ENABLE_TESTABILITY = YES;
				FRAMEWORK_SEARCH_PATHS = "$(PLATFORM_DIR)/Developer/Library/Frameworks";
				HEADER_SEARCH_PATHS = "";
				INFOPLIST_FILE = PromptLine.xcodeproj/Result_Info.plist;
				LD_RUNPATH_SEARCH_PATHS = "$(TOOLCHAIN_DIR)/usr/lib/swift/macosx";
				OTHER_LDFLAGS = "$(inherited)";
				OTHER_SWIFT_FLAGS = "$(inherited)";
				PRODUCT_BUNDLE_IDENTIFIER = Result;
				PRODUCT_MODULE_NAME = "$(TARGET_NAME:c99extidentifier)";
				PRODUCT_NAME = "$(TARGET_NAME:c99extidentifier)";
				SUPPORTED_PLATFORMS = macosx;
				SWIFT_ACTIVE_COMPILATION_CONDITIONS = SWIFT_PACKAGE;
				SWIFT_VERSION = 3.0;
				TARGET_NAME = Result;
			};
			name = Debug;
		};
		OBJ_62 /* Release */ = {
			isa = XCBuildConfiguration;
			buildSettings = {
				ENABLE_TESTABILITY = YES;
				FRAMEWORK_SEARCH_PATHS = "$(PLATFORM_DIR)/Developer/Library/Frameworks";
				HEADER_SEARCH_PATHS = "";
				INFOPLIST_FILE = PromptLine.xcodeproj/Result_Info.plist;
				LD_RUNPATH_SEARCH_PATHS = "$(TOOLCHAIN_DIR)/usr/lib/swift/macosx";
				OTHER_LDFLAGS = "$(inherited)";
				OTHER_SWIFT_FLAGS = "$(inherited)";
				PRODUCT_BUNDLE_IDENTIFIER = Result;
				PRODUCT_MODULE_NAME = "$(TARGET_NAME:c99extidentifier)";
				PRODUCT_NAME = "$(TARGET_NAME:c99extidentifier)";
				SUPPORTED_PLATFORMS = macosx;
				SWIFT_ACTIVE_COMPILATION_CONDITIONS = SWIFT_PACKAGE;
				SWIFT_VERSION = 3.0;
				TARGET_NAME = Result;
			};
			name = Release;
		};
		OBJ_69 /* Debug */ = {
			isa = XCBuildConfiguration;
			buildSettings = {
				ENABLE_TESTABILITY = YES;
				FRAMEWORK_SEARCH_PATHS = "$(PLATFORM_DIR)/Developer/Library/Frameworks";
				HEADER_SEARCH_PATHS = "";
				INFOPLIST_FILE = PromptLine.xcodeproj/Lens_Info.plist;
				LD_RUNPATH_SEARCH_PATHS = "$(TOOLCHAIN_DIR)/usr/lib/swift/macosx";
				OTHER_LDFLAGS = "$(inherited)";
				OTHER_SWIFT_FLAGS = "$(inherited)";
				PRODUCT_BUNDLE_IDENTIFIER = Lens;
				PRODUCT_MODULE_NAME = "$(TARGET_NAME:c99extidentifier)";
				PRODUCT_NAME = "$(TARGET_NAME:c99extidentifier)";
				SUPPORTED_PLATFORMS = macosx;
				SWIFT_ACTIVE_COMPILATION_CONDITIONS = SWIFT_PACKAGE;
				SWIFT_VERSION = 3.0;
				TARGET_NAME = Lens;
			};
			name = Debug;
		};
		OBJ_70 /* Release */ = {
			isa = XCBuildConfiguration;
			buildSettings = {
				ENABLE_TESTABILITY = YES;
				FRAMEWORK_SEARCH_PATHS = "$(PLATFORM_DIR)/Developer/Library/Frameworks";
				HEADER_SEARCH_PATHS = "";
				INFOPLIST_FILE = PromptLine.xcodeproj/Lens_Info.plist;
				LD_RUNPATH_SEARCH_PATHS = "$(TOOLCHAIN_DIR)/usr/lib/swift/macosx";
				OTHER_LDFLAGS = "$(inherited)";
				OTHER_SWIFT_FLAGS = "$(inherited)";
				PRODUCT_BUNDLE_IDENTIFIER = Lens;
				PRODUCT_MODULE_NAME = "$(TARGET_NAME:c99extidentifier)";
				PRODUCT_NAME = "$(TARGET_NAME:c99extidentifier)";
				SUPPORTED_PLATFORMS = macosx;
				SWIFT_ACTIVE_COMPILATION_CONDITIONS = SWIFT_PACKAGE;
				SWIFT_VERSION = 3.0;
				TARGET_NAME = Lens;
			};
			name = Release;
		};
		OBJ_76 /* Debug */ = {
			isa = XCBuildConfiguration;
			buildSettings = {
				ENABLE_TESTABILITY = YES;
				FRAMEWORK_SEARCH_PATHS = "$(PLATFORM_DIR)/Developer/Library/Frameworks";
				HEADER_SEARCH_PATHS = "";
				INFOPLIST_FILE = PromptLine.xcodeproj/PromptLine_Info.plist;
				LD_RUNPATH_SEARCH_PATHS = "$(TOOLCHAIN_DIR)/usr/lib/swift/macosx";
				OTHER_LDFLAGS = "$(inherited)";
				OTHER_SWIFT_FLAGS = "$(inherited)";
				PRODUCT_BUNDLE_IDENTIFIER = PromptLine;
				PRODUCT_MODULE_NAME = "$(TARGET_NAME:c99extidentifier)";
				PRODUCT_NAME = "$(TARGET_NAME:c99extidentifier)";
				SUPPORTED_PLATFORMS = macosx;
				SWIFT_ACTIVE_COMPILATION_CONDITIONS = SWIFT_PACKAGE;
				SWIFT_VERSION = 3.0;
				TARGET_NAME = PromptLine;
			};
			name = Debug;
		};
		OBJ_77 /* Release */ = {
			isa = XCBuildConfiguration;
			buildSettings = {
				ENABLE_TESTABILITY = YES;
				FRAMEWORK_SEARCH_PATHS = "$(PLATFORM_DIR)/Developer/Library/Frameworks";
				HEADER_SEARCH_PATHS = "";
				INFOPLIST_FILE = PromptLine.xcodeproj/PromptLine_Info.plist;
				LD_RUNPATH_SEARCH_PATHS = "$(TOOLCHAIN_DIR)/usr/lib/swift/macosx";
				OTHER_LDFLAGS = "$(inherited)";
				OTHER_SWIFT_FLAGS = "$(inherited)";
				PRODUCT_BUNDLE_IDENTIFIER = PromptLine;
				PRODUCT_MODULE_NAME = "$(TARGET_NAME:c99extidentifier)";
				PRODUCT_NAME = "$(TARGET_NAME:c99extidentifier)";
				SUPPORTED_PLATFORMS = macosx;
				SWIFT_ACTIVE_COMPILATION_CONDITIONS = SWIFT_PACKAGE;
				SWIFT_VERSION = 3.0;
				TARGET_NAME = PromptLine;
			};
			name = Release;
		};
/* End XCBuildConfiguration section */

/* Begin XCConfigurationList section */
		OBJ_2 /* Build configuration list for PBXProject "PromptLine" */ = {
			isa = XCConfigurationList;
			buildConfigurations = (
				OBJ_3 /* Debug */,
				OBJ_4 /* Release */,
			);
			defaultConfigurationIsVisible = 0;
			defaultConfigurationName = Debug;
		};
		OBJ_37 /* Build configuration list for PBXNativeTarget "Spectre" */ = {
			isa = XCConfigurationList;
			buildConfigurations = (
				OBJ_38 /* Debug */,
				OBJ_39 /* Release */,
			);
			defaultConfigurationIsVisible = 0;
			defaultConfigurationName = Debug;
		};
		OBJ_51 /* Build configuration list for PBXNativeTarget "PathKit" */ = {
			isa = XCConfigurationList;
			buildConfigurations = (
				OBJ_52 /* Debug */,
				OBJ_53 /* Release */,
			);
			defaultConfigurationIsVisible = 0;
			defaultConfigurationName = Debug;
		};
		OBJ_60 /* Build configuration list for PBXNativeTarget "Result" */ = {
			isa = XCConfigurationList;
			buildConfigurations = (
				OBJ_61 /* Debug */,
				OBJ_62 /* Release */,
			);
			defaultConfigurationIsVisible = 0;
			defaultConfigurationName = Debug;
		};
		OBJ_68 /* Build configuration list for PBXNativeTarget "Lens" */ = {
			isa = XCConfigurationList;
			buildConfigurations = (
				OBJ_69 /* Debug */,
				OBJ_70 /* Release */,
			);
			defaultConfigurationIsVisible = 0;
			defaultConfigurationName = Debug;
		};
		OBJ_75 /* Build configuration list for PBXNativeTarget "PromptLine" */ = {
			isa = XCConfigurationList;
			buildConfigurations = (
				OBJ_76 /* Debug */,
				OBJ_77 /* Release */,
			);
			defaultConfigurationIsVisible = 0;
			defaultConfigurationName = Debug;
		};
/* End XCConfigurationList section */
	};
	rootObject = OBJ_1 /* Project object */;
}
